
Microsoft Visual Studio Solution File, Format Version 12.00
# Visual Studio Version 17
VisualStudioVersion = 17.6.33801.468
MinimumVisualStudioVersion = 10.0.40219.1
Project("{2150E333-8FDC-42A3-9474-1A3956D46DE8}") = "src", "src", "{79AE0D27-F3DA-4648-BDD7-77505C524ECB}"
EndProject
Project("{2150E333-8FDC-42A3-9474-1A3956D46DE8}") = "test", "test", "{A39C769F-656C-4213-8466-3FF4F5B09CD6}"
EndProject
Project("{2150E333-8FDC-42A3-9474-1A3956D46DE8}") = "API", "API", "{D3F72C35-78D6-46E7-AD41-F7C6B8ED5BAC}"
EndProject
Project("{2150E333-8FDC-42A3-9474-1A3956D46DE8}") = "Core", "Core", "{B2E1E3A1-3E59-4035-B3F9-731C846C2462}"
EndProject
Project("{2150E333-8FDC-42A3-9474-1A3956D46DE8}") = "Infrastructure", "Infrastructure", "{927616DC-4817-49F5-8BFD-A0AA8BF97DA8}"
EndProject
Project("{2150E333-8FDC-42A3-9474-1A3956D46DE8}") = "UI", "UI", "{0D6B9994-57BA-41A7-A92E-3EBC89C162D8}"
EndProject
Project("{9A19103F-16F7-4668-BE54-9A1E7A4F7556}") = "LeaveManagement.Domain", "LeaveManagement.Domain\LeaveManagement.Domain.csproj", "{EB5E5479-F7DB-4326-8711-C79C4E582469}"
EndProject
Project("{9A19103F-16F7-4668-BE54-9A1E7A4F7556}") = "LeaveManagement.Application", "LeaveManagement.Application\LeaveManagement.Application.csproj", "{F0BF3373-44CA-4620-90B9-0813C63884C8}"
EndProject
Project("{9A19103F-16F7-4668-BE54-9A1E7A4F7556}") = "LeaveManagement.Persistence", "LeaveManagement.Persistence\LeaveManagement.Persistence.csproj", "{5CD9B7EC-4C5D-4C81-853A-8AA6343E51B1}"
EndProject
Project("{9A19103F-16F7-4668-BE54-9A1E7A4F7556}") = "LeaveManagement.Infrastructure", "LeaveManagement.Infrastructure\LeaveManagement.Infrastructure.csproj", "{97B3F08F-419E-4281-ABA6-5D5F63D01E75}"
EndProject
Project("{9A19103F-16F7-4668-BE54-9A1E7A4F7556}") = "LeaveManagement.API", "LeaveManagement.API\LeaveManagement.API.csproj", "{E24A9689-98D7-4197-B100-337FB9C09876}"
EndProject
Project("{FAE04EC0-301F-11D3-BF4B-00C04F79EFBC}") = "LeaveManager.MVC", "LeaveManager.MVC\LeaveManager.MVC.csproj", "{D15E6120-64C2-4B1C-B2A0-17F7EB1EC574}"
EndProject
Global
	GlobalSection(SolutionConfigurationPlatforms) = preSolution
		Debug|Any CPU = Debug|Any CPU
		Release|Any CPU = Release|Any CPU
	EndGlobalSection
	GlobalSection(ProjectConfigurationPlatforms) = postSolution
		{EB5E5479-F7DB-4326-8711-C79C4E582469}.Debug|Any CPU.ActiveCfg = Debug|Any CPU
		{EB5E5479-F7DB-4326-8711-C79C4E582469}.Debug|Any CPU.Build.0 = Debug|Any CPU
		{EB5E5479-F7DB-4326-8711-C79C4E582469}.Release|Any CPU.ActiveCfg = Release|Any CPU
		{EB5E5479-F7DB-4326-8711-C79C4E582469}.Release|Any CPU.Build.0 = Release|Any CPU
		{F0BF3373-44CA-4620-90B9-0813C63884C8}.Debug|Any CPU.ActiveCfg = Debug|Any CPU
		{F0BF3373-44CA-4620-90B9-0813C63884C8}.Debug|Any CPU.Build.0 = Debug|Any CPU
		{F0BF3373-44CA-4620-90B9-0813C63884C8}.Release|Any CPU.ActiveCfg = Release|Any CPU
		{F0BF3373-44CA-4620-90B9-0813C63884C8}.Release|Any CPU.Build.0 = Release|Any CPU
		{5CD9B7EC-4C5D-4C81-853A-8AA6343E51B1}.Debug|Any CPU.ActiveCfg = Debug|Any CPU
		{5CD9B7EC-4C5D-4C81-853A-8AA6343E51B1}.Debug|Any CPU.Build.0 = Debug|Any CPU
		{5CD9B7EC-4C5D-4C81-853A-8AA6343E51B1}.Release|Any CPU.ActiveCfg = Release|Any CPU
		{5CD9B7EC-4C5D-4C81-853A-8AA6343E51B1}.Release|Any CPU.Build.0 = Release|Any CPU
		{97B3F08F-419E-4281-ABA6-5D5F63D01E75}.Debug|Any CPU.ActiveCfg = Debug|Any CPU
		{97B3F08F-419E-4281-ABA6-5D5F63D01E75}.Debug|Any CPU.Build.0 = Debug|Any CPU
		{97B3F08F-419E-4281-ABA6-5D5F63D01E75}.Release|Any CPU.ActiveCfg = Release|Any CPU
		{97B3F08F-419E-4281-ABA6-5D5F63D01E75}.Release|Any CPU.Build.0 = Release|Any CPU
		{E24A9689-98D7-4197-B100-337FB9C09876}.Debug|Any CPU.ActiveCfg = Debug|Any CPU
		{E24A9689-98D7-4197-B100-337FB9C09876}.Debug|Any CPU.Build.0 = Debug|Any CPU
		{E24A9689-98D7-4197-B100-337FB9C09876}.Release|Any CPU.ActiveCfg = Release|Any CPU
		{E24A9689-98D7-4197-B100-337FB9C09876}.Release|Any CPU.Build.0 = Release|Any CPU
		{D15E6120-64C2-4B1C-B2A0-17F7EB1EC574}.Debug|Any CPU.ActiveCfg = Debug|Any CPU
		{D15E6120-64C2-4B1C-B2A0-17F7EB1EC574}.Debug|Any CPU.Build.0 = Debug|Any CPU
		{D15E6120-64C2-4B1C-B2A0-17F7EB1EC574}.Release|Any CPU.ActiveCfg = Release|Any CPU
		{D15E6120-64C2-4B1C-B2A0-17F7EB1EC574}.Release|Any CPU.Build.0 = Release|Any CPU
	EndGlobalSection
	GlobalSection(SolutionProperties) = preSolution
		HideSolutionNode = FALSE
	EndGlobalSection
	GlobalSection(NestedProjects) = preSolution
		{D3F72C35-78D6-46E7-AD41-F7C6B8ED5BAC} = {79AE0D27-F3DA-4648-BDD7-77505C524ECB}
		{B2E1E3A1-3E59-4035-B3F9-731C846C2462} = {79AE0D27-F3DA-4648-BDD7-77505C524ECB}
		{927616DC-4817-49F5-8BFD-A0AA8BF97DA8} = {79AE0D27-F3DA-4648-BDD7-77505C524ECB}
		{0D6B9994-57BA-41A7-A92E-3EBC89C162D8} = {79AE0D27-F3DA-4648-BDD7-77505C524ECB}
		{EB5E5479-F7DB-4326-8711-C79C4E582469} = {B2E1E3A1-3E59-4035-B3F9-731C846C2462}
		{F0BF3373-44CA-4620-90B9-0813C63884C8} = {B2E1E3A1-3E59-4035-B3F9-731C846C2462}
		{5CD9B7EC-4C5D-4C81-853A-8AA6343E51B1} = {927616DC-4817-49F5-8BFD-A0AA8BF97DA8}
		{97B3F08F-419E-4281-ABA6-5D5F63D01E75} = {927616DC-4817-49F5-8BFD-A0AA8BF97DA8}
		{E24A9689-98D7-4197-B100-337FB9C09876} = {D3F72C35-78D6-46E7-AD41-F7C6B8ED5BAC}
		{D15E6120-64C2-4B1C-B2A0-17F7EB1EC574} = {0D6B9994-57BA-41A7-A92E-3EBC89C162D8}
	EndGlobalSection
	GlobalSection(ExtensibilityGlobals) = postSolution
		SolutionGuid = {5B7DE90E-7F94-4885-979C-55AB57AC5F27}
	EndGlobalSection
EndGlobal
