
Microsoft Visual Studio Solution File, Format Version 12.00
# Visual Studio Version 17
VisualStudioVersion = 17.6.33801.468
MinimumVisualStudioVersion = 10.0.40219.1
Project("{2150E333-8FDC-42A3-9474-1A3956D46DE8}") = "src", "src", "{79AE0D27-F3DA-4648-BDD7-77505C524ECB}"
EndProject
Project("{2150E333-8FDC-42A3-9474-1A3956D46DE8}") = "test", "test", "{A39C769F-656C-4213-8466-3FF4F5B09CD6}"
EndProject
Project("{2150E333-8FDC-42A3-9474-1A3956D46DE8}") = "API", "API", "{D3F72C35-78D6-46E7-AD41-F7C6B8ED5BAC}"
EndProject
Project("{2150E333-8FDC-42A3-9474-1A3956D46DE8}") = "Core", "Core", "{B2E1E3A1-3E59-4035-B3F9-731C846C2462}"
EndProject
Project("{2150E333-8FDC-42A3-9474-1A3956D46DE8}") = "Infrastructure", "Infrastructure", "{927616DC-4817-49F5-8BFD-A0AA8BF97DA8}"
EndProject
Project("{2150E333-8FDC-42A3-9474-1A3956D46DE8}") = "UI", "UI", "{0D6B9994-57BA-41A7-A92E-3EBC89C162D8}"
EndProject
Global
	GlobalSection(SolutionProperties) = preSolution
		HideSolutionNode = FALSE
	EndGlobalSection
	GlobalSection(NestedProjects) = preSolution
		{D3F72C35-78D6-46E7-AD41-F7C6B8ED5BAC} = {79AE0D27-F3DA-4648-BDD7-77505C524ECB}
		{B2E1E3A1-3E59-4035-B3F9-731C846C2462} = {79AE0D27-F3DA-4648-BDD7-77505C524ECB}
		{927616DC-4817-49F5-8BFD-A0AA8BF97DA8} = {79AE0D27-F3DA-4648-BDD7-77505C524ECB}
		{0D6B9994-57BA-41A7-A92E-3EBC89C162D8} = {79AE0D27-F3DA-4648-BDD7-77505C524ECB}
	EndGlobalSection
	GlobalSection(ExtensibilityGlobals) = postSolution
		SolutionGuid = {5B7DE90E-7F94-4885-979C-55AB57AC5F27}
	EndGlobalSection
EndGlobal
